{
  "name": "alexa-skill-kit-sdk-factskill",
  "version": "1.0.0",
  "lockfileVersion": 1,
  "requires": true,
  "dependencies": {
    "amazon-date-parser": {
      "version": "0.2.0",
      "resolved": "https://registry.npmjs.org/amazon-date-parser/-/amazon-date-parser-0.2.0.tgz",
      "integrity": "sha1-wDQNT+Qo8MIx79yIGoV8JufdIuI="
    },
    "ask-sdk-core": {
      "version": "2.0.7",
      "resolved": "https://healthstream.jfrog.io/healthstream/api/npm/npm/ask-sdk-core/-/ask-sdk-core-2.0.7.tgz",
      "integrity": "sha1-DyMAqpmlvZLAvXANHtkv+Nofg7k="
    },
    "ask-sdk-model": {
      "version": "1.5.0",
      "resolved": "https://registry.npmjs.org/ask-sdk-model/-/ask-sdk-model-1.5.0.tgz",
      "integrity": "sha512-CpHtK17hmwDvHeNLEV+5QoudMTDibji9WuAA57lT0Evpygc0nrCdJtb7llfEsiomE6LKg/faZkqg4QSwVeGtoQ=="
    }
  }
}
